
Microsoft Visual Studio Solution File, Format Version 12.00
# Visual Studio 2012
Project("{FAE04EC0-301F-11D3-BF4B-00C04F79EFBC}") = "ChainGang", "ChainGang\ChainGang.csproj", "{410182F4-27EF-462B-8D2A-628656178A88}"
EndProject
Project("{FAE04EC0-301F-11D3-BF4B-00C04F79EFBC}") = "ChainGang.Tests", "ChainGang.Tests\ChainGang.Tests.csproj", "{4CCBA654-9773-4EED-87C1-A9353749C782}"
EndProject
Global
	GlobalSection(SolutionConfigurationPlatforms) = preSolution
		Debug|Any CPU = Debug|Any CPU
		Release|Any CPU = Release|Any CPU
	EndGlobalSection
	GlobalSection(ProjectConfigurationPlatforms) = postSolution
		{410182F4-27EF-462B-8D2A-628656178A88}.Debug|Any CPU.ActiveCfg = Debug|Any CPU
		{410182F4-27EF-462B-8D2A-628656178A88}.Debug|Any CPU.Build.0 = Debug|Any CPU
		{410182F4-27EF-462B-8D2A-628656178A88}.Release|Any CPU.ActiveCfg = Release|Any CPU
		{410182F4-27EF-462B-8D2A-628656178A88}.Release|Any CPU.Build.0 = Release|Any CPU
		{4CCBA654-9773-4EED-87C1-A9353749C782}.Debug|Any CPU.ActiveCfg = Debug|Any CPU
		{4CCBA654-9773-4EED-87C1-A9353749C782}.Debug|Any CPU.Build.0 = Debug|Any CPU
		{4CCBA654-9773-4EED-87C1-A9353749C782}.Release|Any CPU.ActiveCfg = Release|Any CPU
		{4CCBA654-9773-4EED-87C1-A9353749C782}.Release|Any CPU.Build.0 = Release|Any CPU
	EndGlobalSection
	GlobalSection(SolutionProperties) = preSolution
		HideSolutionNode = FALSE
	EndGlobalSection
EndGlobal
